
Microsoft Visual Studio Solution File, Format Version 12.00
# Visual Studio Version 16
VisualStudioVersion = 16.0.30523.141
MinimumVisualStudioVersion = 10.0.40219.1
Project("{FAE04EC0-301F-11D3-BF4B-00C04F79EFBC}") = "808", "808\808.csproj", "{7A218791-EFCE-47EF-B2D8-180FE96CAB7D}"
EndProject
Global
	GlobalSection(SolutionConfigurationPlatforms) = preSolution
		Debug|Any CPU = Debug|Any CPU
		Release|Any CPU = Release|Any CPU
	EndGlobalSection
	GlobalSection(ProjectConfigurationPlatforms) = postSolution
		{7A218791-EFCE-47EF-B2D8-180FE96CAB7D}.Debug|Any CPU.ActiveCfg = Debug|Any CPU
		{7A218791-EFCE-47EF-B2D8-180FE96CAB7D}.Debug|Any CPU.Build.0 = Debug|Any CPU
		{7A218791-EFCE-47EF-B2D8-180FE96CAB7D}.Release|Any CPU.ActiveCfg = Release|Any CPU
		{7A218791-EFCE-47EF-B2D8-180FE96CAB7D}.Release|Any CPU.Build.0 = Release|Any CPU
	EndGlobalSection
	GlobalSection(SolutionProperties) = preSolution
		HideSolutionNode = FALSE
	EndGlobalSection
	GlobalSection(ExtensibilityGlobals) = postSolution
		SolutionGuid = {54FDBADF-694A-4794-8675-E5EF7F4332D7}
	EndGlobalSection
EndGlobal
